
Microsoft Visual Studio Solution File, Format Version 12.00
# Visual Studio Version 16
VisualStudioVersion = 16.0.30011.22
MinimumVisualStudioVersion = 10.0.40219.1
Project("{FAE04EC0-301F-11D3-BF4B-00C04F79EFBC}") = "PS2-CisnerosAcostaJoseEnrique", "PS2-CisnerosAcostaJoseEnrique\PS2-CisnerosAcostaJoseEnrique.csproj", "{0FCE8210-AC76-474F-B434-8E9E9907B812}"
EndProject
Global
	GlobalSection(SolutionConfigurationPlatforms) = preSolution
		Debug|Any CPU = Debug|Any CPU
		Release|Any CPU = Release|Any CPU
	EndGlobalSection
	GlobalSection(ProjectConfigurationPlatforms) = postSolution
		{0FCE8210-AC76-474F-B434-8E9E9907B812}.Debug|Any CPU.ActiveCfg = Debug|Any CPU
		{0FCE8210-AC76-474F-B434-8E9E9907B812}.Debug|Any CPU.Build.0 = Debug|Any CPU
		{0FCE8210-AC76-474F-B434-8E9E9907B812}.Release|Any CPU.ActiveCfg = Release|Any CPU
		{0FCE8210-AC76-474F-B434-8E9E9907B812}.Release|Any CPU.Build.0 = Release|Any CPU
	EndGlobalSection
	GlobalSection(SolutionProperties) = preSolution
		HideSolutionNode = FALSE
	EndGlobalSection
	GlobalSection(ExtensibilityGlobals) = postSolution
		SolutionGuid = {ADF64258-2C33-40A0-B39F-2B38DECD2FF4}
	EndGlobalSection
EndGlobal
